
Microsoft Visual Studio Solution File, Format Version 12.00
Project("{FAE04EC0-301F-11D3-BF4B-00C04F79EFBC}") = "ActionSequencerModule", "ActionSequencerModule\ActionSequencerModule.csproj", "{AC7D34D2-F795-46CC-BACC-A9E5C35CAA75}"
EndProject
Global
	GlobalSection(SolutionConfigurationPlatforms) = preSolution
		Debug|Any CPU = Debug|Any CPU
		Release|Any CPU = Release|Any CPU
	EndGlobalSection
	GlobalSection(ProjectConfigurationPlatforms) = postSolution
		{AC7D34D2-F795-46CC-BACC-A9E5C35CAA75}.Debug|Any CPU.ActiveCfg = Debug|Any CPU
		{AC7D34D2-F795-46CC-BACC-A9E5C35CAA75}.Debug|Any CPU.Build.0 = Debug|Any CPU
		{AC7D34D2-F795-46CC-BACC-A9E5C35CAA75}.Release|Any CPU.ActiveCfg = Release|Any CPU
		{AC7D34D2-F795-46CC-BACC-A9E5C35CAA75}.Release|Any CPU.Build.0 = Release|Any CPU
	EndGlobalSection
EndGlobal
